
Microsoft Visual Studio Solution File, Format Version 12.00
# Visual Studio Version 17
VisualStudioVersion = 17.10.35013.160
MinimumVisualStudioVersion = 10.0.40219.1
Project("{FAE04EC0-301F-11D3-BF4B-00C04F79EFBC}") = "MappingsEditor", "MappingsEditor\MappingsEditor.csproj", "{E2A38B64-AE51-4CED-922A-0E44D300B9F2}"
EndProject
Global
	GlobalSection(SolutionConfigurationPlatforms) = preSolution
		Debug|Any CPU = Debug|Any CPU
		Release|Any CPU = Release|Any CPU
	EndGlobalSection
	GlobalSection(ProjectConfigurationPlatforms) = postSolution
		{E2A38B64-AE51-4CED-922A-0E44D300B9F2}.Debug|Any CPU.ActiveCfg = Debug|Any CPU
		{E2A38B64-AE51-4CED-922A-0E44D300B9F2}.Debug|Any CPU.Build.0 = Debug|Any CPU
		{E2A38B64-AE51-4CED-922A-0E44D300B9F2}.Release|Any CPU.ActiveCfg = Release|Any CPU
		{E2A38B64-AE51-4CED-922A-0E44D300B9F2}.Release|Any CPU.Build.0 = Release|Any CPU
	EndGlobalSection
	GlobalSection(SolutionProperties) = preSolution
		HideSolutionNode = FALSE
	EndGlobalSection
	GlobalSection(ExtensibilityGlobals) = postSolution
		SolutionGuid = {A053EFC9-8902-4F97-B6EF-9E1A888BA784}
	EndGlobalSection
EndGlobal
